
Microsoft Visual Studio Solution File, Format Version 12.00
# Visual Studio Version 17
VisualStudioVersion = 17.10.35027.167
MinimumVisualStudioVersion = 10.0.40219.1
Project("{FAE04EC0-301F-11D3-BF4B-00C04F79EFBC}") = "CSharp_DZ_7_Dedok", "CSharp_DZ_7_Dedok.csproj", "{C7F09710-E275-4490-8C42-B965F2B4799D}"
EndProject
Global
	GlobalSection(SolutionConfigurationPlatforms) = preSolution
		Debug|Any CPU = Debug|Any CPU
		Release|Any CPU = Release|Any CPU
	EndGlobalSection
	GlobalSection(ProjectConfigurationPlatforms) = postSolution
		{C7F09710-E275-4490-8C42-B965F2B4799D}.Debug|Any CPU.ActiveCfg = Debug|Any CPU
		{C7F09710-E275-4490-8C42-B965F2B4799D}.Debug|Any CPU.Build.0 = Debug|Any CPU
		{C7F09710-E275-4490-8C42-B965F2B4799D}.Release|Any CPU.ActiveCfg = Release|Any CPU
		{C7F09710-E275-4490-8C42-B965F2B4799D}.Release|Any CPU.Build.0 = Release|Any CPU
	EndGlobalSection
	GlobalSection(SolutionProperties) = preSolution
		HideSolutionNode = FALSE
	EndGlobalSection
	GlobalSection(ExtensibilityGlobals) = postSolution
		SolutionGuid = {E2204766-9343-46D0-8D66-12A41B38B495}
	EndGlobalSection
EndGlobal
